
Microsoft Visual Studio Solution File, Format Version 12.00
# Visual Studio 14
VisualStudioVersion = 14.0.24720.0
MinimumVisualStudioVersion = 10.0.40219.1
Project("{FAE04EC0-301F-11D3-BF4B-00C04F79EFBC}") = "AlpVM-Assembler", "AlpVM-Assembler\AlpVM-Assembler.csproj", "{952A7156-AA9E-42C1-BFD6-5302FC497FBE}"
EndProject
Project("{FAE04EC0-301F-11D3-BF4B-00C04F79EFBC}") = "AlpVM-Debugger", "AlpVM-Debugger\AlpVM-Debugger.csproj", "{C79753DF-8E40-404D-AED6-28112A6DA322}"
EndProject
Global
	GlobalSection(SolutionConfigurationPlatforms) = preSolution
		Debug|Any CPU = Debug|Any CPU
		Release|Any CPU = Release|Any CPU
	EndGlobalSection
	GlobalSection(ProjectConfigurationPlatforms) = postSolution
		{952A7156-AA9E-42C1-BFD6-5302FC497FBE}.Debug|Any CPU.ActiveCfg = Debug|Any CPU
		{952A7156-AA9E-42C1-BFD6-5302FC497FBE}.Debug|Any CPU.Build.0 = Debug|Any CPU
		{952A7156-AA9E-42C1-BFD6-5302FC497FBE}.Release|Any CPU.ActiveCfg = Release|Any CPU
		{952A7156-AA9E-42C1-BFD6-5302FC497FBE}.Release|Any CPU.Build.0 = Release|Any CPU
		{C79753DF-8E40-404D-AED6-28112A6DA322}.Debug|Any CPU.ActiveCfg = Debug|Any CPU
		{C79753DF-8E40-404D-AED6-28112A6DA322}.Debug|Any CPU.Build.0 = Debug|Any CPU
		{C79753DF-8E40-404D-AED6-28112A6DA322}.Release|Any CPU.ActiveCfg = Release|Any CPU
		{C79753DF-8E40-404D-AED6-28112A6DA322}.Release|Any CPU.Build.0 = Release|Any CPU
	EndGlobalSection
	GlobalSection(SolutionProperties) = preSolution
		HideSolutionNode = FALSE
	EndGlobalSection
EndGlobal
